
Microsoft Visual Studio Solution File, Format Version 12.00
# Visual Studio Version 17
VisualStudioVersion = 17.3.32929.385
MinimumVisualStudioVersion = 10.0.40219.1
Project("{FAE04EC0-301F-11D3-BF4B-00C04F79EFBC}") = "08 - Debugging", "08 - Debugging\08 - Debugging.csproj", "{04C125A6-A63B-4FF5-AA3E-233B2ECEA2F6}"
EndProject
Global
	GlobalSection(SolutionConfigurationPlatforms) = preSolution
		Debug|Any CPU = Debug|Any CPU
		Release|Any CPU = Release|Any CPU
	EndGlobalSection
	GlobalSection(ProjectConfigurationPlatforms) = postSolution
		{04C125A6-A63B-4FF5-AA3E-233B2ECEA2F6}.Debug|Any CPU.ActiveCfg = Debug|Any CPU
		{04C125A6-A63B-4FF5-AA3E-233B2ECEA2F6}.Debug|Any CPU.Build.0 = Debug|Any CPU
		{04C125A6-A63B-4FF5-AA3E-233B2ECEA2F6}.Release|Any CPU.ActiveCfg = Release|Any CPU
		{04C125A6-A63B-4FF5-AA3E-233B2ECEA2F6}.Release|Any CPU.Build.0 = Release|Any CPU
	EndGlobalSection
	GlobalSection(SolutionProperties) = preSolution
		HideSolutionNode = FALSE
	EndGlobalSection
	GlobalSection(ExtensibilityGlobals) = postSolution
		SolutionGuid = {B1DEF72A-FD04-4320-A25C-60ACB1CA220C}
	EndGlobalSection
EndGlobal
